<?xml version="1.0" encoding="UTF-8" standalone="yes" ?>
<CodeBlocks_project_file>
	<FileVersion major="1" minor="6" />
	<Project>
		<Option title="Petris" />
		<Option pch_mode="2" />
		<Option compiler="gcc" />
		<Build>
			<Target title="Debug">
				<Option output="bin/Petris-Debug" prefix_auto="1" extension_auto="1" />
				<Option working_dir="bin" />
				<Option object_output="obj/Debug/" />
				<Option type="1" />
				<Option compiler="gcc" />
				<Compiler>
					<Add option="-g" />
				</Compiler>
			</Target>
			<Target title="Release">
				<Option output="bin/Petris" prefix_auto="1" extension_auto="1" />
				<Option working_dir="bin" />
				<Option object_output="obj/Release/" />
				<Option type="0" />
				<Option compiler="gcc" />
				<Compiler>
					<Add option="-O2" />
				</Compiler>
				<Linker>
					<Add option="-s" />
				</Linker>
			</Target>
		</Build>
		<Compiler>
			<Add option="-std=c++11" />
			<Add option="-Wall" />
			<Add option="-fexceptions" />
			<Add option="-DSFML_STATIC" />
			<Add directory="C:/Users/Pan Kulomb/Downloads/SFML-2.4.1-sources/SFML-2.4.1/include" />
			<Add directory="imgui-sfml" />
		</Compiler>
		<Linker>
			<Add library="sfml-graphics" />
			<Add library="sfml-window" />
			<Add library="sfml-audio" />
			<Add library="sfml-system" />
			<Add library="opengl32" />
			<Add library="glu32" />
			<Add library="gdi32" />
			<Add directory="C:/Users/Pan Kulomb/Downloads/sfml/lib" />
		</Linker>
		<Unit filename="imgui-sfml/imconfig-SFML.h" />
		<Unit filename="imgui-sfml/imconfig.h" />
		<Unit filename="imgui-sfml/imgui-SFML.cpp" />
		<Unit filename="imgui-sfml/imgui-SFML.h" />
		<Unit filename="imgui-sfml/imgui.cpp" />
		<Unit filename="imgui-sfml/imgui.h" />
		<Unit filename="imgui-sfml/imgui_demo.cpp" />
		<Unit filename="imgui-sfml/imgui_draw.cpp" />
		<Unit filename="imgui-sfml/imgui_internal.h" />
		<Unit filename="imgui-sfml/stb_rect_pack.h" />
		<Unit filename="imgui-sfml/stb_textedit.h" />
		<Unit filename="imgui-sfml/stb_truetype.h" />
		<Unit filename="main.cpp" />
		<Extensions>
			<code_completion />
			<envvars />
			<debugger />
		</Extensions>
	</Project>
</CodeBlocks_project_file>
